
Microsoft Visual Studio Solution File, Format Version 12.00
# Visual Studio Version 17
VisualStudioVersion = 17.0.31903.59
MinimumVisualStudioVersion = 10.0.40219.1
Project("{FAE04EC0-301F-11D3-BF4B-00C04F79EFBC}") = "StudioFlow.Core", "StudioFlow.Core\StudioFlow.Core.csproj", "{C7DAFDB2-9C79-4080-BED7-FA4780C39070}"
EndProject
Project("{FAE04EC0-301F-11D3-BF4B-00C04F79EFBC}") = "StudioFlow.Data", "StudioFlow.Data\StudioFlow.Data.csproj", "{F0CB8DAE-E3DB-4E84-9164-84FB376272FC}"
EndProject
Project("{FAE04EC0-301F-11D3-BF4B-00C04F79EFBC}") = "StudioFlow.Service", "StudioFlow.Service\StudioFlow.Service.csproj", "{3ED242E8-76F1-4CC2-838A-4FA9BD57BB50}"
EndProject
Project("{FAE04EC0-301F-11D3-BF4B-00C04F79EFBC}") = "StudioFlow.API", "StudioFlow.API\StudioFlow.API.csproj", "{3552E050-1028-411C-96A1-40131E04E1B6}"
EndProject
Project("{FAE04EC0-301F-11D3-BF4B-00C04F79EFBC}") = "StudioFlow.Tests", "StudioFlow.Tests\StudioFlow.Tests.csproj", "{C5E048FA-561B-4DDF-A61C-FD23F575551A}"
EndProject
Global
	GlobalSection(SolutionConfigurationPlatforms) = preSolution
		Debug|Any CPU = Debug|Any CPU
		Debug|x64 = Debug|x64
		Debug|x86 = Debug|x86
		Release|Any CPU = Release|Any CPU
		Release|x64 = Release|x64
		Release|x86 = Release|x86
	EndGlobalSection
	GlobalSection(ProjectConfigurationPlatforms) = postSolution
		{C7DAFDB2-9C79-4080-BED7-FA4780C39070}.Debug|Any CPU.ActiveCfg = Debug|Any CPU
		{C7DAFDB2-9C79-4080-BED7-FA4780C39070}.Debug|Any CPU.Build.0 = Debug|Any CPU
		{C7DAFDB2-9C79-4080-BED7-FA4780C39070}.Debug|x64.ActiveCfg = Debug|Any CPU
		{C7DAFDB2-9C79-4080-BED7-FA4780C39070}.Debug|x64.Build.0 = Debug|Any CPU
		{C7DAFDB2-9C79-4080-BED7-FA4780C39070}.Debug|x86.ActiveCfg = Debug|Any CPU
		{C7DAFDB2-9C79-4080-BED7-FA4780C39070}.Debug|x86.Build.0 = Debug|Any CPU
		{C7DAFDB2-9C79-4080-BED7-FA4780C39070}.Release|Any CPU.ActiveCfg = Release|Any CPU
		{C7DAFDB2-9C79-4080-BED7-FA4780C39070}.Release|Any CPU.Build.0 = Release|Any CPU
		{C7DAFDB2-9C79-4080-BED7-FA4780C39070}.Release|x64.ActiveCfg = Release|Any CPU
		{C7DAFDB2-9C79-4080-BED7-FA4780C39070}.Release|x64.Build.0 = Release|Any CPU
		{C7DAFDB2-9C79-4080-BED7-FA4780C39070}.Release|x86.ActiveCfg = Release|Any CPU
		{C7DAFDB2-9C79-4080-BED7-FA4780C39070}.Release|x86.Build.0 = Release|Any CPU
		{F0CB8DAE-E3DB-4E84-9164-84FB376272FC}.Debug|Any CPU.ActiveCfg = Debug|Any CPU
		{F0CB8DAE-E3DB-4E84-9164-84FB376272FC}.Debug|Any CPU.Build.0 = Debug|Any CPU
		{F0CB8DAE-E3DB-4E84-9164-84FB376272FC}.Debug|x64.ActiveCfg = Debug|Any CPU
		{F0CB8DAE-E3DB-4E84-9164-84FB376272FC}.Debug|x64.Build.0 = Debug|Any CPU
		{F0CB8DAE-E3DB-4E84-9164-84FB376272FC}.Debug|x86.ActiveCfg = Debug|Any CPU
		{F0CB8DAE-E3DB-4E84-9164-84FB376272FC}.Debug|x86.Build.0 = Debug|Any CPU
		{F0CB8DAE-E3DB-4E84-9164-84FB376272FC}.Release|Any CPU.ActiveCfg = Release|Any CPU
		{F0CB8DAE-E3DB-4E84-9164-84FB376272FC}.Release|Any CPU.Build.0 = Release|Any CPU
		{F0CB8DAE-E3DB-4E84-9164-84FB376272FC}.Release|x64.ActiveCfg = Release|Any CPU
		{F0CB8DAE-E3DB-4E84-9164-84FB376272FC}.Release|x64.Build.0 = Release|Any CPU
		{F0CB8DAE-E3DB-4E84-9164-84FB376272FC}.Release|x86.ActiveCfg = Release|Any CPU
		{F0CB8DAE-E3DB-4E84-9164-84FB376272FC}.Release|x86.Build.0 = Release|Any CPU
		{3ED242E8-76F1-4CC2-838A-4FA9BD57BB50}.Debug|Any CPU.ActiveCfg = Debug|Any CPU
		{3ED242E8-76F1-4CC2-838A-4FA9BD57BB50}.Debug|Any CPU.Build.0 = Debug|Any CPU
		{3ED242E8-76F1-4CC2-838A-4FA9BD57BB50}.Debug|x64.ActiveCfg = Debug|Any CPU
		{3ED242E8-76F1-4CC2-838A-4FA9BD57BB50}.Debug|x64.Build.0 = Debug|Any CPU
		{3ED242E8-76F1-4CC2-838A-4FA9BD57BB50}.Debug|x86.ActiveCfg = Debug|Any CPU
		{3ED242E8-76F1-4CC2-838A-4FA9BD57BB50}.Debug|x86.Build.0 = Debug|Any CPU
		{3ED242E8-76F1-4CC2-838A-4FA9BD57BB50}.Release|Any CPU.ActiveCfg = Release|Any CPU
		{3ED242E8-76F1-4CC2-838A-4FA9BD57BB50}.Release|Any CPU.Build.0 = Release|Any CPU
		{3ED242E8-76F1-4CC2-838A-4FA9BD57BB50}.Release|x64.ActiveCfg = Release|Any CPU
		{3ED242E8-76F1-4CC2-838A-4FA9BD57BB50}.Release|x64.Build.0 = Release|Any CPU
		{3ED242E8-76F1-4CC2-838A-4FA9BD57BB50}.Release|x86.ActiveCfg = Release|Any CPU
		{3ED242E8-76F1-4CC2-838A-4FA9BD57BB50}.Release|x86.Build.0 = Release|Any CPU
		{3552E050-1028-411C-96A1-40131E04E1B6}.Debug|Any CPU.ActiveCfg = Debug|Any CPU
		{3552E050-1028-411C-96A1-40131E04E1B6}.Debug|Any CPU.Build.0 = Debug|Any CPU
		{3552E050-1028-411C-96A1-40131E04E1B6}.Debug|x64.ActiveCfg = Debug|Any CPU
		{3552E050-1028-411C-96A1-40131E04E1B6}.Debug|x64.Build.0 = Debug|Any CPU
		{3552E050-1028-411C-96A1-40131E04E1B6}.Debug|x86.ActiveCfg = Debug|Any CPU
		{3552E050-1028-411C-96A1-40131E04E1B6}.Debug|x86.Build.0 = Debug|Any CPU
		{3552E050-1028-411C-96A1-40131E04E1B6}.Release|Any CPU.ActiveCfg = Release|Any CPU
		{3552E050-1028-411C-96A1-40131E04E1B6}.Release|Any CPU.Build.0 = Release|Any CPU
		{3552E050-1028-411C-96A1-40131E04E1B6}.Release|x64.ActiveCfg = Release|Any CPU
		{3552E050-1028-411C-96A1-40131E04E1B6}.Release|x64.Build.0 = Release|Any CPU
		{3552E050-1028-411C-96A1-40131E04E1B6}.Release|x86.ActiveCfg = Release|Any CPU
		{3552E050-1028-411C-96A1-40131E04E1B6}.Release|x86.Build.0 = Release|Any CPU
		{C5E048FA-561B-4DDF-A61C-FD23F575551A}.Debug|Any CPU.ActiveCfg = Debug|Any CPU
		{C5E048FA-561B-4DDF-A61C-FD23F575551A}.Debug|Any CPU.Build.0 = Debug|Any CPU
		{C5E048FA-561B-4DDF-A61C-FD23F575551A}.Debug|x64.ActiveCfg = Debug|Any CPU
		{C5E048FA-561B-4DDF-A61C-FD23F575551A}.Debug|x64.Build.0 = Debug|Any CPU
		{C5E048FA-561B-4DDF-A61C-FD23F575551A}.Debug|x86.ActiveCfg = Debug|Any CPU
		{C5E048FA-561B-4DDF-A61C-FD23F575551A}.Debug|x86.Build.0 = Debug|Any CPU
		{C5E048FA-561B-4DDF-A61C-FD23F575551A}.Release|Any CPU.ActiveCfg = Release|Any CPU
		{C5E048FA-561B-4DDF-A61C-FD23F575551A}.Release|Any CPU.Build.0 = Release|Any CPU
		{C5E048FA-561B-4DDF-A61C-FD23F575551A}.Release|x64.ActiveCfg = Release|Any CPU
		{C5E048FA-561B-4DDF-A61C-FD23F575551A}.Release|x64.Build.0 = Release|Any CPU
		{C5E048FA-561B-4DDF-A61C-FD23F575551A}.Release|x86.ActiveCfg = Release|Any CPU
		{C5E048FA-561B-4DDF-A61C-FD23F575551A}.Release|x86.Build.0 = Release|Any CPU
	EndGlobalSection
	GlobalSection(SolutionProperties) = preSolution
		HideSolutionNode = FALSE
	EndGlobalSection
EndGlobal
